// !$*UTF8*$!
{
	archiveVersion = 1;
	classes = {
	};
	objectVersion = 50;
	objects = {

/* Begin PBXBuildFile section */
		1474D021217E6FFD008B68A6 /* AppDelegate.swift in Sources */ = {isa = PBXBuildFile; fileRef = 1474D020217E6FFD008B68A6 /* AppDelegate.swift */; };
		1474D023217E6FFD008B68A6 /* ViewController.swift in Sources */ = {isa = PBXBuildFile; fileRef = 1474D022217E6FFD008B68A6 /* ViewController.swift */; };
		1474D026217E6FFD008B68A6 /* Main.storyboard in Resources */ = {isa = PBXBuildFile; fileRef = 1474D024217E6FFD008B68A6 /* Main.storyboard */; };
		1474D028217E6FFD008B68A6 /* Assets.xcassets in Resources */ = {isa = PBXBuildFile; fileRef = 1474D027217E6FFD008B68A6 /* Assets.xcassets */; };
		1474D02B217E6FFD008B68A6 /* LaunchScreen.storyboard in Resources */ = {isa = PBXBuildFile; fileRef = 1474D029217E6FFD008B68A6 /* LaunchScreen.storyboard */; };
		1474D037217E719A008B68A6 /* Grid.swift in Sources */ = {isa = PBXBuildFile; fileRef = 1474D036217E719A008B68A6 /* Grid.swift */; };
		1474D039217E71C9008B68A6 /* GridView.swift in Sources */ = {isa = PBXBuildFile; fileRef = 1474D038217E71C9008B68A6 /* GridView.swift */; };
		14D36A752180CA7100345942 /* ThirstySoftRegular.otf in Resources */ = {isa = PBXBuildFile; fileRef = 14D36A732180CA7100345942 /* ThirstySoftRegular.otf */; };
		14D36A762180CA7100345942 /* Delm-Medium.otf in Resources */ = {isa = PBXBuildFile; fileRef = 14D36A742180CA7100345942 /* Delm-Medium.otf */; };
/* End PBXBuildFile section */

/* Begin PBXFileReference section */
		1474D01D217E6FFD008B68A6 /* Instagrid.app */ = {isa = PBXFileReference; explicitFileType = wrapper.application; includeInIndex = 0; path = Instagrid.app; sourceTree = BUILT_PRODUCTS_DIR; };
		1474D020217E6FFD008B68A6 /* AppDelegate.swift */ = {isa = PBXFileReference; lastKnownFileType = sourcecode.swift; path = AppDelegate.swift; sourceTree = "<group>"; };
		1474D022217E6FFD008B68A6 /* ViewController.swift */ = {isa = PBXFileReference; lastKnownFileType = sourcecode.swift; path = ViewController.swift; sourceTree = "<group>"; };
		1474D025217E6FFD008B68A6 /* Base */ = {isa = PBXFileReference; lastKnownFileType = file.storyboard; name = Base; path = Base.lproj/Main.storyboard; sourceTree = "<group>"; };
		1474D027217E6FFD008B68A6 /* Assets.xcassets */ = {isa = PBXFileReference; lastKnownFileType = folder.assetcatalog; path = Assets.xcassets; sourceTree = "<group>"; };
		1474D02A217E6FFD008B68A6 /* Base */ = {isa = PBXFileReference; lastKnownFileType = file.storyboard; name = Base; path = Base.lproj/LaunchScreen.storyboard; sourceTree = "<group>"; };
		1474D02C217E6FFD008B68A6 /* Info.plist */ = {isa = PBXFileReference; lastKnownFileType = text.plist.xml; path = Info.plist; sourceTree = "<group>"; };
		1474D036217E719A008B68A6 /* Grid.swift */ = {isa = PBXFileReference; lastKnownFileType = sourcecode.swift; path = Grid.swift; sourceTree = "<group>"; };
		1474D038217E71C9008B68A6 /* GridView.swift */ = {isa = PBXFileReference; lastKnownFileType = sourcecode.swift; path = GridView.swift; sourceTree = "<group>"; };
		14D36A732180CA7100345942 /* ThirstySoftRegular.otf */ = {isa = PBXFileReference; lastKnownFileType = file; path = ThirstySoftRegular.otf; sourceTree = "<group>"; };
		14D36A742180CA7100345942 /* Delm-Medium.otf */ = {isa = PBXFileReference; lastKnownFileType = file; path = "Delm-Medium.otf"; sourceTree = "<group>"; };
/* End PBXFileReference section */

/* Begin PBXFrameworksBuildPhase section */
		1474D01A217E6FFD008B68A6 /* Frameworks */ = {
			isa = PBXFrameworksBuildPhase;
			buildActionMask = 2147483647;
			files = (
			);
			runOnlyForDeploymentPostprocessing = 0;
		};
/* End PBXFrameworksBuildPhase section */

/* Begin PBXGroup section */
		1474D014217E6FFD008B68A6 = {
			isa = PBXGroup;
			children = (
				1474D01F217E6FFD008B68A6 /* Instagrid */,
				1474D01E217E6FFD008B68A6 /* Products */,
			);
			sourceTree = "<group>";
		};
		1474D01E217E6FFD008B68A6 /* Products */ = {
			isa = PBXGroup;
			children = (
				1474D01D217E6FFD008B68A6 /* Instagrid.app */,
			);
			name = Products;
			sourceTree = "<group>";
		};
		1474D01F217E6FFD008B68A6 /* Instagrid */ = {
			isa = PBXGroup;
			children = (
				1474D035217E713E008B68A6 /* View */,
				1474D034217E7135008B68A6 /* Model */,
				1474D033217E7120008B68A6 /* Controller */,
				1474D032217E710B008B68A6 /* Supporting Files */,
			);
			path = Instagrid;
			sourceTree = "<group>";
		};
		1474D032217E710B008B68A6 /* Supporting Files */ = {
			isa = PBXGroup;
			children = (
				14D36A742180CA7100345942 /* Delm-Medium.otf */,
				14D36A732180CA7100345942 /* ThirstySoftRegular.otf */,
				1474D020217E6FFD008B68A6 /* AppDelegate.swift */,
				1474D027217E6FFD008B68A6 /* Assets.xcassets */,
				1474D029217E6FFD008B68A6 /* LaunchScreen.storyboard */,
				1474D02C217E6FFD008B68A6 /* Info.plist */,
			);
			path = "Supporting Files";
			sourceTree = "<group>";
		};
		1474D033217E7120008B68A6 /* Controller */ = {
			isa = PBXGroup;
			children = (
				1474D022217E6FFD008B68A6 /* ViewController.swift */,
			);
			path = Controller;
			sourceTree = "<group>";
		};
		1474D034217E7135008B68A6 /* Model */ = {
			isa = PBXGroup;
			children = (
				1474D036217E719A008B68A6 /* Grid.swift */,
			);
			path = Model;
			sourceTree = "<group>";
		};
		1474D035217E713E008B68A6 /* View */ = {
			isa = PBXGroup;
			children = (
				1474D024217E6FFD008B68A6 /* Main.storyboard */,
				1474D038217E71C9008B68A6 /* GridView.swift */,
			);
			path = View;
			sourceTree = "<group>";
		};
/* End PBXGroup section */

/* Begin PBXNativeTarget section */
		1474D01C217E6FFD008B68A6 /* Instagrid */ = {
			isa = PBXNativeTarget;
			buildConfigurationList = 1474D02F217E6FFD008B68A6 /* Build configuration list for PBXNativeTarget "Instagrid" */;
			buildPhases = (
				1474D019217E6FFD008B68A6 /* Sources */,
				1474D01A217E6FFD008B68A6 /* Frameworks */,
				1474D01B217E6FFD008B68A6 /* Resources */,
			);
			buildRules = (
			);
			dependencies = (
			);
			name = Instagrid;
			productName = Instagrid;
			productReference = 1474D01D217E6FFD008B68A6 /* Instagrid.app */;
			productType = "com.apple.product-type.application";
		};
/* End PBXNativeTarget section */

/* Begin PBXProject section */
		1474D015217E6FFD008B68A6 /* Project object */ = {
			isa = PBXProject;
			attributes = {
				LastSwiftUpdateCheck = 1010;
				LastUpgradeCheck = 1010;
				ORGANIZATIONNAME = "Thomas Bouges";
				TargetAttributes = {
					1474D01C217E6FFD008B68A6 = {
						CreatedOnToolsVersion = 10.1;
					};
				};
			};
			buildConfigurationList = 1474D018217E6FFD008B68A6 /* Build configuration list for PBXProject "Instagrid" */;
			compatibilityVersion = "Xcode 9.3";
			developmentRegion = en;
			hasScannedForEncodings = 0;
			knownRegions = (
				en,
				Base,
			);
			mainGroup = 1474D014217E6FFD008B68A6;
			productRefGroup = 1474D01E217E6FFD008B68A6 /* Products */;
			projectDirPath = "";
			projectRoot = "";
			targets = (
				1474D01C217E6FFD008B68A6 /* Instagrid */,
			);
		};
/* End PBXProject section */

/* Begin PBXResourcesBuildPhase section */
		1474D01B217E6FFD008B68A6 /* Resources */ = {
			isa = PBXResourcesBuildPhase;
			buildActionMask = 2147483647;
			files = (
				1474D02B217E6FFD008B68A6 /* LaunchScreen.storyboard in Resources */,
				14D36A762180CA7100345942 /* Delm-Medium.otf in Resources */,
				1474D028217E6FFD008B68A6 /* Assets.xcassets in Resources */,
				14D36A752180CA7100345942 /* ThirstySoftRegular.otf in Resources */,
				1474D026217E6FFD008B68A6 /* Main.storyboard in Resources */,
			);
			runOnlyForDeploymentPostprocessing = 0;
		};
/* End PBXResourcesBuildPhase section */

/* Begin PBXSourcesBuildPhase section */
		1474D019217E6FFD008B68A6 /* Sources */ = {
			isa = PBXSourcesBuildPhase;
			buildActionMask = 2147483647;
			files = (
				1474D023217E6FFD008B68A6 /* ViewController.swift in Sources */,
				1474D021217E6FFD008B68A6 /* AppDelegate.swift in Sources */,
				1474D039217E71C9008B68A6 /* GridView.swift in Sources */,
				1474D037217E719A008B68A6 /* Grid.swift in Sources */,
			);
			runOnlyForDeploymentPostprocessing = 0;
		};
/* End PBXSourcesBuildPhase section */

/* Begin PBXVariantGroup section */
		1474D024217E6FFD008B68A6 /* Main.storyboard */ = {
			isa = PBXVariantGroup;
			children = (
				1474D025217E6FFD008B68A6 /* Base */,
			);
			name = Main.storyboard;
			sourceTree = "<group>";
		};
		1474D029217E6FFD008B68A6 /* LaunchScreen.storyboard */ = {
			isa = PBXVariantGroup;
			children = (
				1474D02A217E6FFD008B68A6 /* Base */,
			);
			name = LaunchScreen.storyboard;
			sourceTree = "<group>";
		};
/* End PBXVariantGroup section */

/* Begin XCBuildConfiguration section */
		1474D02D217E6FFD008B68A6 /* Debug */ = {
			isa = XCBuildConfiguration;
			buildSettings = {
				ALWAYS_SEARCH_USER_PATHS = NO;
				CLANG_ANALYZER_NONNULL = YES;
				CLANG_ANALYZER_NUMBER_OBJECT_CONVERSION = YES_AGGRESSIVE;
				CLANG_CXX_LANGUAGE_STANDARD = "gnu++14";
				CLANG_CXX_LIBRARY = "libc++";
				CLANG_ENABLE_MODULES = YES;
				CLANG_ENABLE_OBJC_ARC = YES;
				CLANG_ENABLE_OBJC_WEAK = YES;
				CLANG_WARN_BLOCK_CAPTURE_AUTORELEASING = YES;
				CLANG_WARN_BOOL_CONVERSION = YES;
				CLANG_WARN_COMMA = YES;
				CLANG_WARN_CONSTANT_CONVERSION = YES;
				CLANG_WARN_DEPRECATED_OBJC_IMPLEMENTATIONS = YES;
				CLANG_WARN_DIRECT_OBJC_ISA_USAGE = YES_ERROR;
				CLANG_WARN_DOCUMENTATION_COMMENTS = YES;
				CLANG_WARN_EMPTY_BODY = YES;
				CLANG_WARN_ENUM_CONVERSION = YES;
				CLANG_WARN_INFINITE_RECURSION = YES;
				CLANG_WARN_INT_CONVERSION = YES;
				CLANG_WARN_NON_LITERAL_NULL_CONVERSION = YES;
				CLANG_WARN_OBJC_IMPLICIT_RETAIN_SELF = YES;
				CLANG_WARN_OBJC_LITERAL_CONVERSION = YES;
				CLANG_WARN_OBJC_ROOT_CLASS = YES_ERROR;
				CLANG_WARN_RANGE_LOOP_ANALYSIS = YES;
				CLANG_WARN_STRICT_PROTOTYPES = YES;
				CLANG_WARN_SUSPICIOUS_MOVE = YES;
				CLANG_WARN_UNGUARDED_AVAILABILITY = YES_AGGRESSIVE;
				CLANG_WARN_UNREACHABLE_CODE = YES;
				CLANG_WARN__DUPLICATE_METHOD_MATCH = YES;
				CODE_SIGN_IDENTITY = "iPhone Developer";
				COPY_PHASE_STRIP = NO;
				DEBUG_INFORMATION_FORMAT = dwarf;
				ENABLE_STRICT_OBJC_MSGSEND = YES;
				ENABLE_TESTABILITY = YES;
				GCC_C_LANGUAGE_STANDARD = gnu11;
				GCC_DYNAMIC_NO_PIC = NO;
				GCC_NO_COMMON_BLOCKS = YES;
				GCC_OPTIMIZATION_LEVEL = 0;
				GCC_PREPROCESSOR_DEFINITIONS = (
					"DEBUG=1",
					"$(inherited)",
				);
				GCC_WARN_64_TO_32_BIT_CONVERSION = YES;
				GCC_WARN_ABOUT_RETURN_TYPE = YES_ERROR;
				GCC_WARN_UNDECLARED_SELECTOR = YES;
				GCC_WARN_UNINITIALIZED_AUTOS = YES_AGGRESSIVE;
				GCC_WARN_UNUSED_FUNCTION = YES;
				GCC_WARN_UNUSED_VARIABLE = YES;
				IPHONEOS_DEPLOYMENT_TARGET = 12.1;
				MTL_ENABLE_DEBUG_INFO = INCLUDE_SOURCE;
				MTL_FAST_MATH = YES;
				ONLY_ACTIVE_ARCH = YES;
				SDKROOT = iphoneos;
				SWIFT_ACTIVE_COMPILATION_CONDITIONS = DEBUG;
				SWIFT_OPTIMIZATION_LEVEL = "-Onone";
			};
			name = Debug;
		};
		1474D02E217E6FFD008B68A6 /* Release */ = {
			isa = XCBuildConfiguration;
			buildSettings = {
				ALWAYS_SEARCH_USER_PATHS = NO;
				CLANG_ANALYZER_NONNULL = YES;
				CLANG_ANALYZER_NUMBER_OBJECT_CONVERSION = YES_AGGRESSIVE;
				CLANG_CXX_LANGUAGE_STANDARD = "gnu++14";
				CLANG_CXX_LIBRARY = "libc++";
				CLANG_ENABLE_MODULES = YES;
				CLANG_ENABLE_OBJC_ARC = YES;
				CLANG_ENABLE_OBJC_WEAK = YES;
				CLANG_WARN_BLOCK_CAPTURE_AUTORELEASING = YES;
				CLANG_WARN_BOOL_CONVERSION = YES;
				CLANG_WARN_COMMA = YES;
				CLANG_WARN_CONSTANT_CONVERSION = YES;
				CLANG_WARN_DEPRECATED_OBJC_IMPLEMENTATIONS = YES;
				CLANG_WARN_DIRECT_OBJC_ISA_USAGE = YES_ERROR;
				CLANG_WARN_DOCUMENTATION_COMMENTS = YES;
				CLANG_WARN_EMPTY_BODY = YES;
				CLANG_WARN_ENUM_CONVERSION = YES;
				CLANG_WARN_INFINITE_RECURSION = YES;
				CLANG_WARN_INT_CONVERSION = YES;
				CLANG_WARN_NON_LITERAL_NULL_CONVERSION = YES;
				CLANG_WARN_OBJC_IMPLICIT_RETAIN_SELF = YES;
				CLANG_WARN_OBJC_LITERAL_CONVERSION = YES;
				CLANG_WARN_OBJC_ROOT_CLASS = YES_ERROR;
				CLANG_WARN_RANGE_LOOP_ANALYSIS = YES;
				CLANG_WARN_STRICT_PROTOTYPES = YES;
				CLANG_WARN_SUSPICIOUS_MOVE = YES;
				CLANG_WARN_UNGUARDED_AVAILABILITY = YES_AGGRESSIVE;
				CLANG_WARN_UNREACHABLE_CODE = YES;
				CLANG_WARN__DUPLICATE_METHOD_MATCH = YES;
				CODE_SIGN_IDENTITY = "iPhone Developer";
				COPY_PHASE_STRIP = NO;
				DEBUG_INFORMATION_FORMAT = "dwarf-with-dsym";
				ENABLE_NS_ASSERTIONS = NO;
				ENABLE_STRICT_OBJC_MSGSEND = YES;
				GCC_C_LANGUAGE_STANDARD = gnu11;
				GCC_NO_COMMON_BLOCKS = YES;
				GCC_WARN_64_TO_32_BIT_CONVERSION = YES;
				GCC_WARN_ABOUT_RETURN_TYPE = YES_ERROR;
				GCC_WARN_UNDECLARED_SELECTOR = YES;
				GCC_WARN_UNINITIALIZED_AUTOS = YES_AGGRESSIVE;
				GCC_WARN_UNUSED_FUNCTION = YES;
				GCC_WARN_UNUSED_VARIABLE = YES;
				IPHONEOS_DEPLOYMENT_TARGET = 12.1;
				MTL_ENABLE_DEBUG_INFO = NO;
				MTL_FAST_MATH = YES;
				SDKROOT = iphoneos;
				SWIFT_COMPILATION_MODE = wholemodule;
				SWIFT_OPTIMIZATION_LEVEL = "-O";
				VALIDATE_PRODUCT = YES;
			};
			name = Release;
		};
		1474D030217E6FFD008B68A6 /* Debug */ = {
			isa = XCBuildConfiguration;
			buildSettings = {
				ASSETCATALOG_COMPILER_APPICON_NAME = AppIcon;
				CODE_SIGN_STYLE = Automatic;
				DEVELOPMENT_TEAM = 7XB8K9T4CZ;
				INFOPLIST_FILE = "$(SRCROOT)/Instagrid/Supporting Files/Info.plist";
				LD_RUNPATH_SEARCH_PATHS = (
					"$(inherited)",
					"@executable_path/Frameworks",
				);
				PRODUCT_BUNDLE_IDENTIFIER = fr.thomasbouges.Instagrid;
				PRODUCT_NAME = "$(TARGET_NAME)";
				SWIFT_VERSION = 4.2;
				TARGETED_DEVICE_FAMILY = "1,2";
			};
			name = Debug;
		};
		1474D031217E6FFD008B68A6 /* Release */ = {
			isa = XCBuildConfiguration;
			buildSettings = {
				ASSETCATALOG_COMPILER_APPICON_NAME = AppIcon;
				CODE_SIGN_STYLE = Automatic;
				DEVELOPMENT_TEAM = 7XB8K9T4CZ;
				INFOPLIST_FILE = "$(SRCROOT)/Instagrid/Supporting Files/Info.plist";
				LD_RUNPATH_SEARCH_PATHS = (
					"$(inherited)",
					"@executable_path/Frameworks",
				);
				PRODUCT_BUNDLE_IDENTIFIER = fr.thomasbouges.Instagrid;
				PRODUCT_NAME = "$(TARGET_NAME)";
				SWIFT_VERSION = 4.2;
				TARGETED_DEVICE_FAMILY = "1,2";
			};
			name = Release;
		};
/* End XCBuildConfiguration section */

/* Begin XCConfigurationList section */
		1474D018217E6FFD008B68A6 /* Build configuration list for PBXProject "Instagrid" */ = {
			isa = XCConfigurationList;
			buildConfigurations = (
				1474D02D217E6FFD008B68A6 /* Debug */,
				1474D02E217E6FFD008B68A6 /* Release */,
			);
			defaultConfigurationIsVisible = 0;
			defaultConfigurationName = Release;
		};
		1474D02F217E6FFD008B68A6 /* Build configuration list for PBXNativeTarget "Instagrid" */ = {
			isa = XCConfigurationList;
			buildConfigurations = (
				1474D030217E6FFD008B68A6 /* Debug */,
				1474D031217E6FFD008B68A6 /* Release */,
			);
			defaultConfigurationIsVisible = 0;
			defaultConfigurationName = Release;
		};
/* End XCConfigurationList section */
	};
	rootObject = 1474D015217E6FFD008B68A6 /* Project object */;
}
